
Microsoft Visual Studio Solution File, Format Version 12.00
# Visual Studio Version 17
VisualStudioVersion = 17.9.34723.18
MinimumVisualStudioVersion = 10.0.40219.1
Project("{FAE04EC0-301F-11D3-BF4B-00C04F79EFBC}") = "Trabalhando com tela", "Trabalhando com tela\Trabalhando com tela.csproj", "{AF6043B9-B386-4E31-9C83-09C4BE5BF2BB}"
EndProject
Global
	GlobalSection(SolutionConfigurationPlatforms) = preSolution
		Debug|Any CPU = Debug|Any CPU
		Release|Any CPU = Release|Any CPU
	EndGlobalSection
	GlobalSection(ProjectConfigurationPlatforms) = postSolution
		{AF6043B9-B386-4E31-9C83-09C4BE5BF2BB}.Debug|Any CPU.ActiveCfg = Debug|Any CPU
		{AF6043B9-B386-4E31-9C83-09C4BE5BF2BB}.Debug|Any CPU.Build.0 = Debug|Any CPU
		{AF6043B9-B386-4E31-9C83-09C4BE5BF2BB}.Release|Any CPU.ActiveCfg = Release|Any CPU
		{AF6043B9-B386-4E31-9C83-09C4BE5BF2BB}.Release|Any CPU.Build.0 = Release|Any CPU
	EndGlobalSection
	GlobalSection(SolutionProperties) = preSolution
		HideSolutionNode = FALSE
	EndGlobalSection
	GlobalSection(ExtensibilityGlobals) = postSolution
		SolutionGuid = {920D64C1-EDEF-41AE-82D1-D9C2FACFF60E}
	EndGlobalSection
EndGlobal
